
Microsoft Visual Studio Solution File, Format Version 12.00
# Visual Studio Version 16
VisualStudioVersion = 16.0.31112.23
MinimumVisualStudioVersion = 10.0.40219.1
Project("{534AEAEA-B4FA-469B-BB3E-3CFA21E7B753}") = "RVX-4_External", "RVX-4_External\RVX-4_External.vcxproj", "{1197FCD3-BCFD-48F4-A7E8-6A53E7EF405F}"
EndProject
Global
	GlobalSection(SolutionConfigurationPlatforms) = preSolution
		Debug|x64 = Debug|x64
		Debug|x86 = Debug|x86
		Release|x64 = Release|x64
		Release|x86 = Release|x86
	EndGlobalSection
	GlobalSection(ProjectConfigurationPlatforms) = postSolution
		{1197FCD3-BCFD-48F4-A7E8-6A53E7EF405F}.Debug|x64.ActiveCfg = Debug|x64
		{1197FCD3-BCFD-48F4-A7E8-6A53E7EF405F}.Debug|x64.Build.0 = Debug|x64
		{1197FCD3-BCFD-48F4-A7E8-6A53E7EF405F}.Debug|x86.ActiveCfg = Debug|Win32
		{1197FCD3-BCFD-48F4-A7E8-6A53E7EF405F}.Debug|x86.Build.0 = Debug|Win32
		{1197FCD3-BCFD-48F4-A7E8-6A53E7EF405F}.Release|x64.ActiveCfg = Release|x64
		{1197FCD3-BCFD-48F4-A7E8-6A53E7EF405F}.Release|x64.Build.0 = Release|x64
		{1197FCD3-BCFD-48F4-A7E8-6A53E7EF405F}.Release|x86.ActiveCfg = Release|Win32
		{1197FCD3-BCFD-48F4-A7E8-6A53E7EF405F}.Release|x86.Build.0 = Release|Win32
	EndGlobalSection
	GlobalSection(SolutionProperties) = preSolution
		HideSolutionNode = FALSE
	EndGlobalSection
	GlobalSection(ExtensibilityGlobals) = postSolution
		SolutionGuid = {E640FA49-EE15-4174-A806-D3A879921700}
	EndGlobalSection
EndGlobal
